
Microsoft Visual Studio Solution File, Format Version 12.00
# Visual Studio Version 17
VisualStudioVersion = 17.11.35312.102
MinimumVisualStudioVersion = 10.0.40219.1
Project("{FAE04EC0-301F-11D3-BF4B-00C04F79EFBC}") = "StudentManagementAPI", "StudentManagementAPI.csproj", "{7A87D367-A31B-4CA2-8217-50C9FD6C97AD}"
EndProject
Global
	GlobalSection(SolutionConfigurationPlatforms) = preSolution
		Debug|Any CPU = Debug|Any CPU
		Release|Any CPU = Release|Any CPU
	EndGlobalSection
	GlobalSection(ProjectConfigurationPlatforms) = postSolution
		{7A87D367-A31B-4CA2-8217-50C9FD6C97AD}.Debug|Any CPU.ActiveCfg = Debug|Any CPU
		{7A87D367-A31B-4CA2-8217-50C9FD6C97AD}.Debug|Any CPU.Build.0 = Debug|Any CPU
		{7A87D367-A31B-4CA2-8217-50C9FD6C97AD}.Release|Any CPU.ActiveCfg = Release|Any CPU
		{7A87D367-A31B-4CA2-8217-50C9FD6C97AD}.Release|Any CPU.Build.0 = Release|Any CPU
	EndGlobalSection
	GlobalSection(SolutionProperties) = preSolution
		HideSolutionNode = FALSE
	EndGlobalSection
	GlobalSection(ExtensibilityGlobals) = postSolution
		SolutionGuid = {4C654C74-D39B-4B66-900B-8993B52AA16E}
	EndGlobalSection
EndGlobal
